{
    "_readme": [
        "This file locks the dependencies of your project to a known state",
        "Read more about it at https://getcomposer.org/doc/01-basic-usage.md#composer-lock-the-lock-file",
        "This file is @generated automatically"
    ],
    "hash": "895053d1e65a90a0862493888bf80979",
    "content-hash": "56d17b550509e15cd3c1fab29d9b5bcc",
    "packages": [],
    "packages-dev": [],
    "aliases": [],
    "minimum-stability": "stable",
    "stability-flags": [],
    "prefer-stable": false,
    "prefer-lowest": false,
    "platform": {
        "php": ">=5.5",
        "ext-curl": "*",
        "ext-json": "*",
        "ext-libxml": "*",
        "ext-pdo_mysql": "*",
        "ext-xsl": "*"
    },
    "platform-dev": []
}
